{
    "_meta": {
        "hash": {
            "sha256": "b5288eb379a52506f745ad88f2f50a08ec28be1ffc9aedb23c79d56c55f74b7c"
        },
        "pipfile-spec": 6,
        "requires": {
            "python_version": "3.9"
        },
        "sources": [
            {
                "name": "pypi",
                "url": "https://pypi.org/simple",
                "verify_ssl": true
            }
        ]
    },
    "default": {
        "customtkinter": {
            "hashes": [
                "sha256:2bd5eab623d5a6d9fa9512b8ce07a0be6ed6b30f053992ab3660ce37e8787f0f",
                "sha256:656628f13e0d74087e5ab0cdfba8238c79c4b1e761821cdba15595389362e9a6"
            ],
            "index": "pypi",
            "version": "==5.0.4"
        },
        "darkdetect": {
            "hashes": [
                "sha256:a7509ccf517eaad92b31c214f593dbcf138ea8a43b2935406bbd565e15527a85",
                "sha256:b5428e1170263eb5dea44c25dc3895edd75e6f52300986353cd63533fe7df8b1"
            ],
            "markers": "python_version >= '3.6'",
            "version": "==0.8.0"
        },
        "ez-setup": {
            "hashes": [
                "sha256:303c5b17d552d1e3fb0505d80549f8579f557e13d8dc90e5ecef3c07d7f58642"
            ],
            "index": "pypi",
            "version": "==0.9"
        },
        "ffmpeg-python": {
            "hashes": [
                "sha256:65225db34627c578ef0e11c8b1eb528bb35e024752f6f10b78c011f6f64c4127",
                "sha256:ac441a0404e053f8b6a1113a77c0f452f1cfc62f6344a769475ffdc0f56c23c5"
            ],
            "index": "pypi",
            "version": "==0.2.0"
        },
        "ffprobe": {
            "hashes": [
                "sha256:f7dc048df62c6ccc1c602c865a7f0976b2679200fd07ebdc34ce51e9a8205b76"
            ],
            "index": "pypi",
            "version": "==0.5"
        },
        "future": {
            "hashes": [
                "sha256:34a17436ed1e96697a86f9de3d15a3b0be01d8bc8de9c1dffd59fb8234ed5307"
            ],
            "markers": "python_version >= '2.6' and python_version not in '3.0, 3.1, 3.2, 3.3'",
            "version": "==0.18.3"
        }
    },
    "develop": {}
}
